// !$*UTF8*$!
{
	archiveVersion = 1;
	classes = {
	};
	objectVersion = 56;
	objects = {

/* Begin PBXBuildFile section */
		1F2E543A299E8A4C0084B6C6 /* Extension+UIViewController.swift in Sources */ = {isa = PBXBuildFile; fileRef = 1F2E5439299E8A4B0084B6C6 /* Extension+UIViewController.swift */; };
		1F2E544B299FC0DC0084B6C6 /* Extension+UICollectionView.swift in Sources */ = {isa = PBXBuildFile; fileRef = 1F2E544A299FC0DC0084B6C6 /* Extension+UICollectionView.swift */; };
		1F2E544D299FC10C0084B6C6 /* Extension+UIView.swift in Sources */ = {isa = PBXBuildFile; fileRef = 1F2E544C299FC10C0084B6C6 /* Extension+UIView.swift */; };
		1F3A07DB29A38BBE007EA30C /* ServiceSearchEntity.swift in Sources */ = {isa = PBXBuildFile; fileRef = 1F3A07DA29A38BBE007EA30C /* ServiceSearchEntity.swift */; };
		1F3A07DD29A38C10007EA30C /* DateFormaterUtility.swift in Sources */ = {isa = PBXBuildFile; fileRef = 1F3A07DC29A38C10007EA30C /* DateFormaterUtility.swift */; };
		1F591CD529A674580044B816 /* SecureStorage.swift in Sources */ = {isa = PBXBuildFile; fileRef = 1F591CD129A674580044B816 /* SecureStorage.swift */; };
		1F591CD629A674580044B816 /* AccessDataEntity.swift in Sources */ = {isa = PBXBuildFile; fileRef = 1F591CD329A674580044B816 /* AccessDataEntity.swift */; };
		1F591CD729A674580044B816 /* Keychain.swift in Sources */ = {isa = PBXBuildFile; fileRef = 1F591CD429A674580044B816 /* Keychain.swift */; };
		1F591CDA29A674980044B816 /* NetworkMonitor.swift in Sources */ = {isa = PBXBuildFile; fileRef = 1F591CD929A674980044B816 /* NetworkMonitor.swift */; };
		1F591CDD29A675370044B816 /* Constants.swift in Sources */ = {isa = PBXBuildFile; fileRef = 1F591CDC29A675370044B816 /* Constants.swift */; };
		1F591CDF29A74A690044B816 /* RefreshTokenApiEntity.swift in Sources */ = {isa = PBXBuildFile; fileRef = 1F591CDE29A74A690044B816 /* RefreshTokenApiEntity.swift */; };
		1F591CE429A74B3A0044B816 /* String+Extension.swift in Sources */ = {isa = PBXBuildFile; fileRef = 1F591CE329A74B3A0044B816 /* String+Extension.swift */; };
		1F591CE729A74FCF0044B816 /* RequestHandler.swift in Sources */ = {isa = PBXBuildFile; fileRef = 1F591CE629A74FCF0044B816 /* RequestHandler.swift */; };
		1F5FFA3D29A90142003FCC72 /* Image.swift in Sources */ = {isa = PBXBuildFile; fileRef = 1F5FFA3C29A90142003FCC72 /* Image.swift */; };
		1F5FFA3F29A913C3003FCC72 /* Extension+UIImageView.swift in Sources */ = {isa = PBXBuildFile; fileRef = 1F5FFA3E29A913C3003FCC72 /* Extension+UIImageView.swift */; };
		1F62546829A61B320039E0F2 /* Collors.xcassets in Resources */ = {isa = PBXBuildFile; fileRef = 1F62546729A61B320039E0F2 /* Collors.xcassets */; };
		1F6596C729A6046000BE4941 /* STableViewCell.swift in Sources */ = {isa = PBXBuildFile; fileRef = 1F6596C529A6046000BE4941 /* STableViewCell.swift */; };
		1F6596C829A6046000BE4941 /* STableViewCell.xib in Resources */ = {isa = PBXBuildFile; fileRef = 1F6596C629A6046000BE4941 /* STableViewCell.xib */; };
		1F709997299E67E900431F3D /* Base.swift in Sources */ = {isa = PBXBuildFile; fileRef = 1F709996299E67E900431F3D /* Base.swift */; };
		1F709999299E6BA500431F3D /* BlogsApiEntity.swift in Sources */ = {isa = PBXBuildFile; fileRef = 1F709998299E6BA500431F3D /* BlogsApiEntity.swift */; };
		1F70999C299E6BE300431F3D /* LocalizedApiTitle.swift in Sources */ = {isa = PBXBuildFile; fileRef = 1F70999B299E6BE300431F3D /* LocalizedApiTitle.swift */; };
		1F70999F299E6C1E00431F3D /* LanguageManager.swift in Sources */ = {isa = PBXBuildFile; fileRef = 1F70999E299E6C1E00431F3D /* LanguageManager.swift */; };
		1F7099A1299E6CBF00431F3D /* CategoriesApiEntity.swift in Sources */ = {isa = PBXBuildFile; fileRef = 1F7099A0299E6CBF00431F3D /* CategoriesApiEntity.swift */; };
		1F7099A3299E6D6700431F3D /* GetServiceApiEntity.swift in Sources */ = {isa = PBXBuildFile; fileRef = 1F7099A2299E6D6700431F3D /* GetServiceApiEntity.swift */; };
		1F7099A5299E70E100431F3D /* BlogRequest.swift in Sources */ = {isa = PBXBuildFile; fileRef = 1F7099A4299E70E100431F3D /* BlogRequest.swift */; };
		1F7099A9299E795B00431F3D /* Extension+UINavigationController.swift in Sources */ = {isa = PBXBuildFile; fileRef = 1F7099A8299E795B00431F3D /* Extension+UINavigationController.swift */; };
		1FA49219299E3E600018735E /* AppDelegate.swift in Sources */ = {isa = PBXBuildFile; fileRef = 1FA49218299E3E600018735E /* AppDelegate.swift */; };
		1FA49220299E3E600018735E /* Main.storyboard in Resources */ = {isa = PBXBuildFile; fileRef = 1FA4921E299E3E600018735E /* Main.storyboard */; };
		1FA49222299E3E610018735E /* Assets.xcassets in Resources */ = {isa = PBXBuildFile; fileRef = 1FA49221299E3E610018735E /* Assets.xcassets */; };
		1FA49225299E3E610018735E /* LaunchScreen.storyboard in Resources */ = {isa = PBXBuildFile; fileRef = 1FA49223299E3E610018735E /* LaunchScreen.storyboard */; };
		1FA49245299E4A320018735E /* APIEndpoints.swift in Sources */ = {isa = PBXBuildFile; fileRef = 1FA49244299E4A320018735E /* APIEndpoints.swift */; };
		1FA49247299E4D650018735E /* APIService.swift in Sources */ = {isa = PBXBuildFile; fileRef = 1FA49246299E4D650018735E /* APIService.swift */; };
		1FA49249299E4DF10018735E /* HTTPClientError.swift in Sources */ = {isa = PBXBuildFile; fileRef = 1FA49248299E4DF10018735E /* HTTPClientError.swift */; };
		1FA4924B299E4E6D0018735E /* JSONParserServiceProtocol.swift in Sources */ = {isa = PBXBuildFile; fileRef = 1FA4924A299E4E6D0018735E /* JSONParserServiceProtocol.swift */; };
		1FA4924D299E4E980018735E /* HTTPClient.swift in Sources */ = {isa = PBXBuildFile; fileRef = 1FA4924C299E4E980018735E /* HTTPClient.swift */; };
		1FA8209E29A3732100504D26 /* ServiceRequest.swift in Sources */ = {isa = PBXBuildFile; fileRef = 1FA8209D29A3732100504D26 /* ServiceRequest.swift */; };
		1FA820A429A3791800504D26 /* ServiceSearchMapper.swift in Sources */ = {isa = PBXBuildFile; fileRef = 1FA820A329A3791800504D26 /* ServiceSearchMapper.swift */; };
		1FCCB04929A76815003295CE /* ServiceSearchPresenter.swift in Sources */ = {isa = PBXBuildFile; fileRef = 1FCCB04129A76815003295CE /* ServiceSearchPresenter.swift */; };
		1FCCB04A29A76815003295CE /* ServiceSearchWorker.swift in Sources */ = {isa = PBXBuildFile; fileRef = 1FCCB04229A76815003295CE /* ServiceSearchWorker.swift */; };
		1FCCB04B29A76815003295CE /* ServiceSearchRouter.swift in Sources */ = {isa = PBXBuildFile; fileRef = 1FCCB04329A76815003295CE /* ServiceSearchRouter.swift */; };
		1FCCB04C29A76815003295CE /* ServiceSearchViewController.storyboard in Resources */ = {isa = PBXBuildFile; fileRef = 1FCCB04429A76815003295CE /* ServiceSearchViewController.storyboard */; };
		1FCCB04D29A76815003295CE /* ServiceSearchModels.swift in Sources */ = {isa = PBXBuildFile; fileRef = 1FCCB04529A76815003295CE /* ServiceSearchModels.swift */; };
		1FCCB04E29A76815003295CE /* ServiceSearchViewController.swift in Sources */ = {isa = PBXBuildFile; fileRef = 1FCCB04629A76815003295CE /* ServiceSearchViewController.swift */; };
		1FCCB04F29A76815003295CE /* ServiceSearchBuilder.swift in Sources */ = {isa = PBXBuildFile; fileRef = 1FCCB04729A76815003295CE /* ServiceSearchBuilder.swift */; };
		1FCCB05029A76815003295CE /* ServiceSearchInteractor.swift in Sources */ = {isa = PBXBuildFile; fileRef = 1FCCB04829A76815003295CE /* ServiceSearchInteractor.swift */; };
		1FCCB06E29A77A62003295CE /* HomePresenter.swift in Sources */ = {isa = PBXBuildFile; fileRef = 1FCCB06629A77A62003295CE /* HomePresenter.swift */; };
		1FCCB06F29A77A62003295CE /* HomeWorker.swift in Sources */ = {isa = PBXBuildFile; fileRef = 1FCCB06729A77A62003295CE /* HomeWorker.swift */; };
		1FCCB07029A77A62003295CE /* HomeRouter.swift in Sources */ = {isa = PBXBuildFile; fileRef = 1FCCB06829A77A62003295CE /* HomeRouter.swift */; };
		1FCCB07129A77A62003295CE /* HomeViewController.storyboard in Resources */ = {isa = PBXBuildFile; fileRef = 1FCCB06929A77A62003295CE /* HomeViewController.storyboard */; };
		1FCCB07229A77A62003295CE /* HomeModels.swift in Sources */ = {isa = PBXBuildFile; fileRef = 1FCCB06A29A77A62003295CE /* HomeModels.swift */; };
		1FCCB07329A77A62003295CE /* HomeViewController.swift in Sources */ = {isa = PBXBuildFile; fileRef = 1FCCB06B29A77A62003295CE /* HomeViewController.swift */; };
		1FCCB07429A77A62003295CE /* HomeBuilder.swift in Sources */ = {isa = PBXBuildFile; fileRef = 1FCCB06C29A77A62003295CE /* HomeBuilder.swift */; };
		1FCCB07529A77A62003295CE /* HomeInteractor.swift in Sources */ = {isa = PBXBuildFile; fileRef = 1FCCB06D29A77A62003295CE /* HomeInteractor.swift */; };
		1FCCB07929A77E7E003295CE /* HomeTableViewCell.swift in Sources */ = {isa = PBXBuildFile; fileRef = 1FCCB07729A77E7E003295CE /* HomeTableViewCell.swift */; };
		1FCCB07A29A77E7E003295CE /* HomeTableViewCell.xib in Resources */ = {isa = PBXBuildFile; fileRef = 1FCCB07829A77E7E003295CE /* HomeTableViewCell.xib */; };
		1FCCB07C29A78517003295CE /* Extension+UITableView.swift in Sources */ = {isa = PBXBuildFile; fileRef = 1FCCB07B29A78517003295CE /* Extension+UITableView.swift */; };
		1FF192EC29A8BF0A00F68700 /* HorizontalTableViewCell.swift in Sources */ = {isa = PBXBuildFile; fileRef = 1FF192EA29A8BF0A00F68700 /* HorizontalTableViewCell.swift */; };
		1FF192ED29A8BF0A00F68700 /* HorizontalTableViewCell.xib in Resources */ = {isa = PBXBuildFile; fileRef = 1FF192EB29A8BF0A00F68700 /* HorizontalTableViewCell.xib */; };
		1FF192F329A8C0D800F68700 /* HorizontalCollectionViewCell.swift in Sources */ = {isa = PBXBuildFile; fileRef = 1FF192F129A8C0D800F68700 /* HorizontalCollectionViewCell.swift */; };
		1FF192F429A8C0D800F68700 /* HorizontalCollectionViewCell.xib in Resources */ = {isa = PBXBuildFile; fileRef = 1FF192F229A8C0D800F68700 /* HorizontalCollectionViewCell.xib */; };
		1FF192F629A8D24100F68700 /* Colors.swift in Sources */ = {isa = PBXBuildFile; fileRef = 1FF192F529A8D24100F68700 /* Colors.swift */; };
/* End PBXBuildFile section */

/* Begin PBXFileReference section */
		1F2E5439299E8A4B0084B6C6 /* Extension+UIViewController.swift */ = {isa = PBXFileReference; fileEncoding = 4; lastKnownFileType = sourcecode.swift; path = "Extension+UIViewController.swift"; sourceTree = "<group>"; };
		1F2E544A299FC0DC0084B6C6 /* Extension+UICollectionView.swift */ = {isa = PBXFileReference; fileEncoding = 4; lastKnownFileType = sourcecode.swift; path = "Extension+UICollectionView.swift"; sourceTree = "<group>"; };
		1F2E544C299FC10C0084B6C6 /* Extension+UIView.swift */ = {isa = PBXFileReference; fileEncoding = 4; lastKnownFileType = sourcecode.swift; path = "Extension+UIView.swift"; sourceTree = "<group>"; };
		1F3A07DA29A38BBE007EA30C /* ServiceSearchEntity.swift */ = {isa = PBXFileReference; lastKnownFileType = sourcecode.swift; path = ServiceSearchEntity.swift; sourceTree = "<group>"; };
		1F3A07DC29A38C10007EA30C /* DateFormaterUtility.swift */ = {isa = PBXFileReference; lastKnownFileType = sourcecode.swift; path = DateFormaterUtility.swift; sourceTree = "<group>"; };
		1F591CD129A674580044B816 /* SecureStorage.swift */ = {isa = PBXFileReference; fileEncoding = 4; lastKnownFileType = sourcecode.swift; path = SecureStorage.swift; sourceTree = "<group>"; };
		1F591CD329A674580044B816 /* AccessDataEntity.swift */ = {isa = PBXFileReference; fileEncoding = 4; lastKnownFileType = sourcecode.swift; path = AccessDataEntity.swift; sourceTree = "<group>"; };
		1F591CD429A674580044B816 /* Keychain.swift */ = {isa = PBXFileReference; fileEncoding = 4; lastKnownFileType = sourcecode.swift; path = Keychain.swift; sourceTree = "<group>"; };
		1F591CD929A674980044B816 /* NetworkMonitor.swift */ = {isa = PBXFileReference; fileEncoding = 4; lastKnownFileType = sourcecode.swift; path = NetworkMonitor.swift; sourceTree = "<group>"; };
		1F591CDC29A675370044B816 /* Constants.swift */ = {isa = PBXFileReference; lastKnownFileType = sourcecode.swift; path = Constants.swift; sourceTree = "<group>"; };
		1F591CDE29A74A690044B816 /* RefreshTokenApiEntity.swift */ = {isa = PBXFileReference; fileEncoding = 4; lastKnownFileType = sourcecode.swift; path = RefreshTokenApiEntity.swift; sourceTree = "<group>"; };
		1F591CE329A74B3A0044B816 /* String+Extension.swift */ = {isa = PBXFileReference; fileEncoding = 4; lastKnownFileType = sourcecode.swift; path = "String+Extension.swift"; sourceTree = "<group>"; };
		1F591CE629A74FCF0044B816 /* RequestHandler.swift */ = {isa = PBXFileReference; fileEncoding = 4; lastKnownFileType = sourcecode.swift; path = RequestHandler.swift; sourceTree = "<group>"; };
		1F5FFA3C29A90142003FCC72 /* Image.swift */ = {isa = PBXFileReference; lastKnownFileType = sourcecode.swift; path = Image.swift; sourceTree = "<group>"; };
		1F5FFA3E29A913C3003FCC72 /* Extension+UIImageView.swift */ = {isa = PBXFileReference; lastKnownFileType = sourcecode.swift; path = "Extension+UIImageView.swift"; sourceTree = "<group>"; };
		1F62546729A61B320039E0F2 /* Collors.xcassets */ = {isa = PBXFileReference; lastKnownFileType = folder.assetcatalog; path = Collors.xcassets; sourceTree = "<group>"; };
		1F6596C529A6046000BE4941 /* STableViewCell.swift */ = {isa = PBXFileReference; lastKnownFileType = sourcecode.swift; path = STableViewCell.swift; sourceTree = "<group>"; };
		1F6596C629A6046000BE4941 /* STableViewCell.xib */ = {isa = PBXFileReference; lastKnownFileType = file.xib; path = STableViewCell.xib; sourceTree = "<group>"; };
		1F709996299E67E900431F3D /* Base.swift */ = {isa = PBXFileReference; fileEncoding = 4; lastKnownFileType = sourcecode.swift; path = Base.swift; sourceTree = "<group>"; };
		1F709998299E6BA500431F3D /* BlogsApiEntity.swift */ = {isa = PBXFileReference; lastKnownFileType = sourcecode.swift; path = BlogsApiEntity.swift; sourceTree = "<group>"; };
		1F70999B299E6BE300431F3D /* LocalizedApiTitle.swift */ = {isa = PBXFileReference; fileEncoding = 4; lastKnownFileType = sourcecode.swift; path = LocalizedApiTitle.swift; sourceTree = "<group>"; };
		1F70999E299E6C1E00431F3D /* LanguageManager.swift */ = {isa = PBXFileReference; fileEncoding = 4; lastKnownFileType = sourcecode.swift; path = LanguageManager.swift; sourceTree = "<group>"; };
		1F7099A0299E6CBF00431F3D /* CategoriesApiEntity.swift */ = {isa = PBXFileReference; fileEncoding = 4; lastKnownFileType = sourcecode.swift; path = CategoriesApiEntity.swift; sourceTree = "<group>"; };
		1F7099A2299E6D6700431F3D /* GetServiceApiEntity.swift */ = {isa = PBXFileReference; fileEncoding = 4; lastKnownFileType = sourcecode.swift; path = GetServiceApiEntity.swift; sourceTree = "<group>"; };
		1F7099A4299E70E100431F3D /* BlogRequest.swift */ = {isa = PBXFileReference; fileEncoding = 4; lastKnownFileType = sourcecode.swift; path = BlogRequest.swift; sourceTree = "<group>"; };
		1F7099A8299E795B00431F3D /* Extension+UINavigationController.swift */ = {isa = PBXFileReference; fileEncoding = 4; lastKnownFileType = sourcecode.swift; path = "Extension+UINavigationController.swift"; sourceTree = "<group>"; };
		1FA49215299E3E600018735E /* WConnectUIKit.app */ = {isa = PBXFileReference; explicitFileType = wrapper.application; includeInIndex = 0; path = WConnectUIKit.app; sourceTree = BUILT_PRODUCTS_DIR; };
		1FA49218299E3E600018735E /* AppDelegate.swift */ = {isa = PBXFileReference; lastKnownFileType = sourcecode.swift; path = AppDelegate.swift; sourceTree = "<group>"; };
		1FA4921F299E3E600018735E /* Base */ = {isa = PBXFileReference; lastKnownFileType = file.storyboard; name = Base; path = Base.lproj/Main.storyboard; sourceTree = "<group>"; };
		1FA49221299E3E610018735E /* Assets.xcassets */ = {isa = PBXFileReference; lastKnownFileType = folder.assetcatalog; path = Assets.xcassets; sourceTree = "<group>"; };
		1FA49224299E3E610018735E /* Base */ = {isa = PBXFileReference; lastKnownFileType = file.storyboard; name = Base; path = Base.lproj/LaunchScreen.storyboard; sourceTree = "<group>"; };
		1FA49226299E3E610018735E /* Info.plist */ = {isa = PBXFileReference; lastKnownFileType = text.plist.xml; path = Info.plist; sourceTree = "<group>"; };
		1FA49244299E4A320018735E /* APIEndpoints.swift */ = {isa = PBXFileReference; lastKnownFileType = sourcecode.swift; path = APIEndpoints.swift; sourceTree = "<group>"; };
		1FA49246299E4D650018735E /* APIService.swift */ = {isa = PBXFileReference; lastKnownFileType = sourcecode.swift; path = APIService.swift; sourceTree = "<group>"; };
		1FA49248299E4DF10018735E /* HTTPClientError.swift */ = {isa = PBXFileReference; lastKnownFileType = sourcecode.swift; path = HTTPClientError.swift; sourceTree = "<group>"; };
		1FA4924A299E4E6D0018735E /* JSONParserServiceProtocol.swift */ = {isa = PBXFileReference; lastKnownFileType = sourcecode.swift; path = JSONParserServiceProtocol.swift; sourceTree = "<group>"; };
		1FA4924C299E4E980018735E /* HTTPClient.swift */ = {isa = PBXFileReference; lastKnownFileType = sourcecode.swift; path = HTTPClient.swift; sourceTree = "<group>"; };
		1FA8209D29A3732100504D26 /* ServiceRequest.swift */ = {isa = PBXFileReference; lastKnownFileType = sourcecode.swift; path = ServiceRequest.swift; sourceTree = "<group>"; };
		1FA820A329A3791800504D26 /* ServiceSearchMapper.swift */ = {isa = PBXFileReference; lastKnownFileType = sourcecode.swift; path = ServiceSearchMapper.swift; sourceTree = "<group>"; };
		1FCCB04129A76815003295CE /* ServiceSearchPresenter.swift */ = {isa = PBXFileReference; lastKnownFileType = sourcecode.swift; path = ServiceSearchPresenter.swift; sourceTree = "<group>"; };
		1FCCB04229A76815003295CE /* ServiceSearchWorker.swift */ = {isa = PBXFileReference; lastKnownFileType = sourcecode.swift; path = ServiceSearchWorker.swift; sourceTree = "<group>"; };
		1FCCB04329A76815003295CE /* ServiceSearchRouter.swift */ = {isa = PBXFileReference; lastKnownFileType = sourcecode.swift; path = ServiceSearchRouter.swift; sourceTree = "<group>"; };
		1FCCB04429A76815003295CE /* ServiceSearchViewController.storyboard */ = {isa = PBXFileReference; lastKnownFileType = file.storyboard; path = ServiceSearchViewController.storyboard; sourceTree = "<group>"; };
		1FCCB04529A76815003295CE /* ServiceSearchModels.swift */ = {isa = PBXFileReference; lastKnownFileType = sourcecode.swift; path = ServiceSearchModels.swift; sourceTree = "<group>"; };
		1FCCB04629A76815003295CE /* ServiceSearchViewController.swift */ = {isa = PBXFileReference; lastKnownFileType = sourcecode.swift; path = ServiceSearchViewController.swift; sourceTree = "<group>"; };
		1FCCB04729A76815003295CE /* ServiceSearchBuilder.swift */ = {isa = PBXFileReference; lastKnownFileType = sourcecode.swift; path = ServiceSearchBuilder.swift; sourceTree = "<group>"; };
		1FCCB04829A76815003295CE /* ServiceSearchInteractor.swift */ = {isa = PBXFileReference; lastKnownFileType = sourcecode.swift; path = ServiceSearchInteractor.swift; sourceTree = "<group>"; };
		1FCCB06629A77A62003295CE /* HomePresenter.swift */ = {isa = PBXFileReference; lastKnownFileType = sourcecode.swift; path = HomePresenter.swift; sourceTree = "<group>"; };
		1FCCB06729A77A62003295CE /* HomeWorker.swift */ = {isa = PBXFileReference; lastKnownFileType = sourcecode.swift; path = HomeWorker.swift; sourceTree = "<group>"; };
		1FCCB06829A77A62003295CE /* HomeRouter.swift */ = {isa = PBXFileReference; lastKnownFileType = sourcecode.swift; path = HomeRouter.swift; sourceTree = "<group>"; };
		1FCCB06929A77A62003295CE /* HomeViewController.storyboard */ = {isa = PBXFileReference; lastKnownFileType = file.storyboard; path = HomeViewController.storyboard; sourceTree = "<group>"; };
		1FCCB06A29A77A62003295CE /* HomeModels.swift */ = {isa = PBXFileReference; lastKnownFileType = sourcecode.swift; path = HomeModels.swift; sourceTree = "<group>"; };
		1FCCB06B29A77A62003295CE /* HomeViewController.swift */ = {isa = PBXFileReference; lastKnownFileType = sourcecode.swift; path = HomeViewController.swift; sourceTree = "<group>"; };
		1FCCB06C29A77A62003295CE /* HomeBuilder.swift */ = {isa = PBXFileReference; lastKnownFileType = sourcecode.swift; path = HomeBuilder.swift; sourceTree = "<group>"; };
		1FCCB06D29A77A62003295CE /* HomeInteractor.swift */ = {isa = PBXFileReference; lastKnownFileType = sourcecode.swift; path = HomeInteractor.swift; sourceTree = "<group>"; };
		1FCCB07729A77E7E003295CE /* HomeTableViewCell.swift */ = {isa = PBXFileReference; lastKnownFileType = sourcecode.swift; path = HomeTableViewCell.swift; sourceTree = "<group>"; };
		1FCCB07829A77E7E003295CE /* HomeTableViewCell.xib */ = {isa = PBXFileReference; lastKnownFileType = file.xib; path = HomeTableViewCell.xib; sourceTree = "<group>"; };
		1FCCB07B29A78517003295CE /* Extension+UITableView.swift */ = {isa = PBXFileReference; fileEncoding = 4; lastKnownFileType = sourcecode.swift; name = "Extension+UITableView.swift"; path = "../../../../../dogiz_2.0_ios/Dogiz/Helpers/Extensions/Extension+UITableView.swift"; sourceTree = "<group>"; };
		1FF192EA29A8BF0A00F68700 /* HorizontalTableViewCell.swift */ = {isa = PBXFileReference; lastKnownFileType = sourcecode.swift; path = HorizontalTableViewCell.swift; sourceTree = "<group>"; };
		1FF192EB29A8BF0A00F68700 /* HorizontalTableViewCell.xib */ = {isa = PBXFileReference; lastKnownFileType = file.xib; path = HorizontalTableViewCell.xib; sourceTree = "<group>"; };
		1FF192F129A8C0D800F68700 /* HorizontalCollectionViewCell.swift */ = {isa = PBXFileReference; lastKnownFileType = sourcecode.swift; path = HorizontalCollectionViewCell.swift; sourceTree = "<group>"; };
		1FF192F229A8C0D800F68700 /* HorizontalCollectionViewCell.xib */ = {isa = PBXFileReference; lastKnownFileType = file.xib; path = HorizontalCollectionViewCell.xib; sourceTree = "<group>"; };
		1FF192F529A8D24100F68700 /* Colors.swift */ = {isa = PBXFileReference; lastKnownFileType = sourcecode.swift; path = Colors.swift; sourceTree = "<group>"; };
/* End PBXFileReference section */

/* Begin PBXFrameworksBuildPhase section */
		1FA49212299E3E600018735E /* Frameworks */ = {
			isa = PBXFrameworksBuildPhase;
			buildActionMask = 2147483647;
			files = (
			);
			runOnlyForDeploymentPostprocessing = 0;
		};
/* End PBXFrameworksBuildPhase section */

/* Begin PBXGroup section */
		1F591CD029A674580044B816 /* Keychain */ = {
			isa = PBXGroup;
			children = (
				1F591CD129A674580044B816 /* SecureStorage.swift */,
				1F591CD229A674580044B816 /* Models */,
				1F591CD429A674580044B816 /* Keychain.swift */,
			);
			path = Keychain;
			sourceTree = "<group>";
		};
		1F591CD229A674580044B816 /* Models */ = {
			isa = PBXGroup;
			children = (
				1F591CD329A674580044B816 /* AccessDataEntity.swift */,
			);
			path = Models;
			sourceTree = "<group>";
		};
		1F591CD829A674880044B816 /* Validation */ = {
			isa = PBXGroup;
			children = (
				1F591CD929A674980044B816 /* NetworkMonitor.swift */,
			);
			path = Validation;
			sourceTree = "<group>";
		};
		1F591CDB29A6751C0044B816 /* Constants */ = {
			isa = PBXGroup;
			children = (
				1F591CDC29A675370044B816 /* Constants.swift */,
				1FF192F529A8D24100F68700 /* Colors.swift */,
				1F5FFA3C29A90142003FCC72 /* Image.swift */,
			);
			path = Constants;
			sourceTree = "<group>";
		};
		1F591CE529A74FCF0044B816 /* Typealiases */ = {
			isa = PBXGroup;
			children = (
				1F591CE629A74FCF0044B816 /* RequestHandler.swift */,
			);
			path = Typealiases;
			sourceTree = "<group>";
		};
		1F70999A299E6BE300431F3D /* GeneralEntities */ = {
			isa = PBXGroup;
			children = (
				1F70999D299E6C1E00431F3D /* Language */,
				1F70999B299E6BE300431F3D /* LocalizedApiTitle.swift */,
			);
			path = GeneralEntities;
			sourceTree = "<group>";
		};
		1F70999D299E6C1E00431F3D /* Language */ = {
			isa = PBXGroup;
			children = (
				1F70999E299E6C1E00431F3D /* LanguageManager.swift */,
			);
			path = Language;
			sourceTree = "<group>";
		};
		1F7099A7299E793700431F3D /* Extention */ = {
			isa = PBXGroup;
			children = (
				1F591CE329A74B3A0044B816 /* String+Extension.swift */,
				1F7099A8299E795B00431F3D /* Extension+UINavigationController.swift */,
				1F5FFA3E29A913C3003FCC72 /* Extension+UIImageView.swift */,
				1F2E5439299E8A4B0084B6C6 /* Extension+UIViewController.swift */,
				1F2E544A299FC0DC0084B6C6 /* Extension+UICollectionView.swift */,
				1FCCB07B29A78517003295CE /* Extension+UITableView.swift */,
				1F2E544C299FC10C0084B6C6 /* Extension+UIView.swift */,
			);
			path = Extention;
			sourceTree = "<group>";
		};
		1FA4920C299E3E600018735E = {
			isa = PBXGroup;
			children = (
				1FA49217299E3E600018735E /* WConnectUIKit */,
				1FA49216299E3E600018735E /* Products */,
			);
			sourceTree = "<group>";
		};
		1FA49216299E3E600018735E /* Products */ = {
			isa = PBXGroup;
			children = (
				1FA49215299E3E600018735E /* WConnectUIKit.app */,
			);
			name = Products;
			sourceTree = "<group>";
		};
		1FA49217299E3E600018735E /* WConnectUIKit */ = {
			isa = PBXGroup;
			children = (
				1FA4922D299E3E930018735E /* AppDelegate */,
				1FA49231299E3FD90018735E /* Helpers */,
				1FA4922E299E3EA20018735E /* Modules */,
				1FA4922C299E3E890018735E /* Services */,
				1FA49230299E3ED90018735E /* Support */,
			);
			path = WConnectUIKit;
			sourceTree = "<group>";
		};
		1FA4922C299E3E890018735E /* Services */ = {
			isa = PBXGroup;
			children = (
				1FA4923F299E497B0018735E /* Networking */,
			);
			path = Services;
			sourceTree = "<group>";
		};
		1FA4922D299E3E930018735E /* AppDelegate */ = {
			isa = PBXGroup;
			children = (
				1FA49218299E3E600018735E /* AppDelegate.swift */,
			);
			path = AppDelegate;
			sourceTree = "<group>";
		};
		1FA4922E299E3EA20018735E /* Modules */ = {
			isa = PBXGroup;
			children = (
				1FCCB06529A77A4A003295CE /* Home */,
				1FCCB04029A767D9003295CE /* ServiceSearch */,
			);
			path = Modules;
			sourceTree = "<group>";
		};
		1FA49230299E3ED90018735E /* Support */ = {
			isa = PBXGroup;
			children = (
				1F3A07DC29A38C10007EA30C /* DateFormaterUtility.swift */,
				1FA49226299E3E610018735E /* Info.plist */,
				1FA49223299E3E610018735E /* LaunchScreen.storyboard */,
				1FA4921E299E3E600018735E /* Main.storyboard */,
			);
			path = Support;
			sourceTree = "<group>";
		};
		1FA49231299E3FD90018735E /* Helpers */ = {
			isa = PBXGroup;
			children = (
				1F591CDB29A6751C0044B816 /* Constants */,
				1F591CD829A674880044B816 /* Validation */,
				1F591CD029A674580044B816 /* Keychain */,
				1F7099A7299E793700431F3D /* Extention */,
				1FA49221299E3E610018735E /* Assets.xcassets */,
				1F62546729A61B320039E0F2 /* Collors.xcassets */,
			);
			path = Helpers;
			sourceTree = "<group>";
		};
		1FA4923F299E497B0018735E /* Networking */ = {
			isa = PBXGroup;
			children = (
				1FA49240299E499A0018735E /* Core */,
				1FA49241299E49AC0018735E /* Endpoints */,
				1FA49242299E49C90018735E /* Entities */,
				1FA49243299E49DD0018735E /* Requests */,
				1F591CE529A74FCF0044B816 /* Typealiases */,
			);
			path = Networking;
			sourceTree = "<group>";
		};
		1FA49240299E499A0018735E /* Core */ = {
			isa = PBXGroup;
			children = (
				1FA49246299E4D650018735E /* APIService.swift */,
				1FA49248299E4DF10018735E /* HTTPClientError.swift */,
				1FA4924A299E4E6D0018735E /* JSONParserServiceProtocol.swift */,
				1FA4924C299E4E980018735E /* HTTPClient.swift */,
			);
			path = Core;
			sourceTree = "<group>";
		};
		1FA49241299E49AC0018735E /* Endpoints */ = {
			isa = PBXGroup;
			children = (
				1FA49244299E4A320018735E /* APIEndpoints.swift */,
			);
			path = Endpoints;
			sourceTree = "<group>";
		};
		1FA49242299E49C90018735E /* Entities */ = {
			isa = PBXGroup;
			children = (
				1F70999A299E6BE300431F3D /* GeneralEntities */,
				1F709996299E67E900431F3D /* Base.swift */,
				1F709998299E6BA500431F3D /* BlogsApiEntity.swift */,
				1F7099A0299E6CBF00431F3D /* CategoriesApiEntity.swift */,
				1F7099A2299E6D6700431F3D /* GetServiceApiEntity.swift */,
				1F591CDE29A74A690044B816 /* RefreshTokenApiEntity.swift */,
			);
			path = Entities;
			sourceTree = "<group>";
		};
		1FA49243299E49DD0018735E /* Requests */ = {
			isa = PBXGroup;
			children = (
				1F7099A4299E70E100431F3D /* BlogRequest.swift */,
				1FA8209D29A3732100504D26 /* ServiceRequest.swift */,
			);
			path = Requests;
			sourceTree = "<group>";
		};
		1FA8209F29A377D200504D26 /* ServiceTableViewCell */ = {
			isa = PBXGroup;
			children = (
				1F6596C529A6046000BE4941 /* STableViewCell.swift */,
				1F6596C629A6046000BE4941 /* STableViewCell.xib */,
			);
			path = ServiceTableViewCell;
			sourceTree = "<group>";
		};
		1FCCB04029A767D9003295CE /* ServiceSearch */ = {
			isa = PBXGroup;
			children = (
				1FCCB05229A77601003295CE /* Mapper */,
				1FCCB05129A775DF003295CE /* Cells */,
				1FCCB04129A76815003295CE /* ServiceSearchPresenter.swift */,
				1FCCB04229A76815003295CE /* ServiceSearchWorker.swift */,
				1FCCB04329A76815003295CE /* ServiceSearchRouter.swift */,
				1FCCB04429A76815003295CE /* ServiceSearchViewController.storyboard */,
				1FCCB04529A76815003295CE /* ServiceSearchModels.swift */,
				1FCCB04629A76815003295CE /* ServiceSearchViewController.swift */,
				1FCCB04729A76815003295CE /* ServiceSearchBuilder.swift */,
				1FCCB04829A76815003295CE /* ServiceSearchInteractor.swift */,
			);
			path = ServiceSearch;
			sourceTree = "<group>";
		};
		1FCCB05129A775DF003295CE /* Cells */ = {
			isa = PBXGroup;
			children = (
				1FA8209F29A377D200504D26 /* ServiceTableViewCell */,
			);
			path = Cells;
			sourceTree = "<group>";
		};
		1FCCB05229A77601003295CE /* Mapper */ = {
			isa = PBXGroup;
			children = (
				1F3A07DA29A38BBE007EA30C /* ServiceSearchEntity.swift */,
				1FA820A329A3791800504D26 /* ServiceSearchMapper.swift */,
			);
			path = Mapper;
			sourceTree = "<group>";
		};
		1FCCB06529A77A4A003295CE /* Home */ = {
			isa = PBXGroup;
			children = (
				1FCCB07629A77E56003295CE /* Cells */,
				1FCCB06629A77A62003295CE /* HomePresenter.swift */,
				1FCCB06729A77A62003295CE /* HomeWorker.swift */,
				1FCCB06829A77A62003295CE /* HomeRouter.swift */,
				1FCCB06929A77A62003295CE /* HomeViewController.storyboard */,
				1FCCB06A29A77A62003295CE /* HomeModels.swift */,
				1FCCB06B29A77A62003295CE /* HomeViewController.swift */,
				1FCCB06C29A77A62003295CE /* HomeBuilder.swift */,
				1FCCB06D29A77A62003295CE /* HomeInteractor.swift */,
			);
			path = Home;
			sourceTree = "<group>";
		};
		1FCCB07629A77E56003295CE /* Cells */ = {
			isa = PBXGroup;
			children = (
				1FF192E929A8BE4600F68700 /* HorizontalCell */,
				1FCCB07F29A7A8BD003295CE /* FirstCell */,
			);
			path = Cells;
			sourceTree = "<group>";
		};
		1FCCB07F29A7A8BD003295CE /* FirstCell */ = {
			isa = PBXGroup;
			children = (
				1FCCB07729A77E7E003295CE /* HomeTableViewCell.swift */,
				1FCCB07829A77E7E003295CE /* HomeTableViewCell.xib */,
			);
			path = FirstCell;
			sourceTree = "<group>";
		};
		1FF192E929A8BE4600F68700 /* HorizontalCell */ = {
			isa = PBXGroup;
			children = (
				1FF192EA29A8BF0A00F68700 /* HorizontalTableViewCell.swift */,
				1FF192EB29A8BF0A00F68700 /* HorizontalTableViewCell.xib */,
				1FF192F129A8C0D800F68700 /* HorizontalCollectionViewCell.swift */,
				1FF192F229A8C0D800F68700 /* HorizontalCollectionViewCell.xib */,
			);
			path = HorizontalCell;
			sourceTree = "<group>";
		};
/* End PBXGroup section */

/* Begin PBXNativeTarget section */
		1FA49214299E3E600018735E /* WConnectUIKit */ = {
			isa = PBXNativeTarget;
			buildConfigurationList = 1FA49229299E3E610018735E /* Build configuration list for PBXNativeTarget "WConnectUIKit" */;
			buildPhases = (
				1FA49211299E3E600018735E /* Sources */,
				1FA49212299E3E600018735E /* Frameworks */,
				1FA49213299E3E600018735E /* Resources */,
			);
			buildRules = (
			);
			dependencies = (
			);
			name = WConnectUIKit;
			productName = WConnectUIKit;
			productReference = 1FA49215299E3E600018735E /* WConnectUIKit.app */;
			productType = "com.apple.product-type.application";
		};
/* End PBXNativeTarget section */

/* Begin PBXProject section */
		1FA4920D299E3E600018735E /* Project object */ = {
			isa = PBXProject;
			attributes = {
				BuildIndependentTargetsInParallel = 1;
				LastSwiftUpdateCheck = 1400;
				LastUpgradeCheck = 1400;
				TargetAttributes = {
					1FA49214299E3E600018735E = {
						CreatedOnToolsVersion = 14.0;
					};
				};
			};
			buildConfigurationList = 1FA49210299E3E600018735E /* Build configuration list for PBXProject "WConnectUIKit" */;
			compatibilityVersion = "Xcode 14.0";
			developmentRegion = en;
			hasScannedForEncodings = 0;
			knownRegions = (
				en,
				Base,
			);
			mainGroup = 1FA4920C299E3E600018735E;
			productRefGroup = 1FA49216299E3E600018735E /* Products */;
			projectDirPath = "";
			projectRoot = "";
			targets = (
				1FA49214299E3E600018735E /* WConnectUIKit */,
			);
		};
/* End PBXProject section */

/* Begin PBXResourcesBuildPhase section */
		1FA49213299E3E600018735E /* Resources */ = {
			isa = PBXResourcesBuildPhase;
			buildActionMask = 2147483647;
			files = (
				1FF192F429A8C0D800F68700 /* HorizontalCollectionViewCell.xib in Resources */,
				1FCCB04C29A76815003295CE /* ServiceSearchViewController.storyboard in Resources */,
				1F6596C829A6046000BE4941 /* STableViewCell.xib in Resources */,
				1FF192ED29A8BF0A00F68700 /* HorizontalTableViewCell.xib in Resources */,
				1FA49225299E3E610018735E /* LaunchScreen.storyboard in Resources */,
				1F62546829A61B320039E0F2 /* Collors.xcassets in Resources */,
				1FCCB07129A77A62003295CE /* HomeViewController.storyboard in Resources */,
				1FA49222299E3E610018735E /* Assets.xcassets in Resources */,
				1FCCB07A29A77E7E003295CE /* HomeTableViewCell.xib in Resources */,
				1FA49220299E3E600018735E /* Main.storyboard in Resources */,
			);
			runOnlyForDeploymentPostprocessing = 0;
		};
/* End PBXResourcesBuildPhase section */

/* Begin PBXSourcesBuildPhase section */
		1FA49211299E3E600018735E /* Sources */ = {
			isa = PBXSourcesBuildPhase;
			buildActionMask = 2147483647;
			files = (
				1FCCB04929A76815003295CE /* ServiceSearchPresenter.swift in Sources */,
				1FCCB07C29A78517003295CE /* Extension+UITableView.swift in Sources */,
				1FA4924B299E4E6D0018735E /* JSONParserServiceProtocol.swift in Sources */,
				1F2E544D299FC10C0084B6C6 /* Extension+UIView.swift in Sources */,
				1FCCB04E29A76815003295CE /* ServiceSearchViewController.swift in Sources */,
				1FCCB07329A77A62003295CE /* HomeViewController.swift in Sources */,
				1F3A07DB29A38BBE007EA30C /* ServiceSearchEntity.swift in Sources */,
				1F591CD729A674580044B816 /* Keychain.swift in Sources */,
				1F7099A3299E6D6700431F3D /* GetServiceApiEntity.swift in Sources */,
				1FCCB05029A76815003295CE /* ServiceSearchInteractor.swift in Sources */,
				1FA820A429A3791800504D26 /* ServiceSearchMapper.swift in Sources */,
				1F7099A1299E6CBF00431F3D /* CategoriesApiEntity.swift in Sources */,
				1F7099A5299E70E100431F3D /* BlogRequest.swift in Sources */,
				1FA49249299E4DF10018735E /* HTTPClientError.swift in Sources */,
				1FA49247299E4D650018735E /* APIService.swift in Sources */,
				1F591CD529A674580044B816 /* SecureStorage.swift in Sources */,
				1F2E543A299E8A4C0084B6C6 /* Extension+UIViewController.swift in Sources */,
				1F70999C299E6BE300431F3D /* LocalizedApiTitle.swift in Sources */,
				1FA8209E29A3732100504D26 /* ServiceRequest.swift in Sources */,
				1FCCB04A29A76815003295CE /* ServiceSearchWorker.swift in Sources */,
				1FCCB07429A77A62003295CE /* HomeBuilder.swift in Sources */,
				1F6596C729A6046000BE4941 /* STableViewCell.swift in Sources */,
				1F7099A9299E795B00431F3D /* Extension+UINavigationController.swift in Sources */,
				1F591CDF29A74A690044B816 /* RefreshTokenApiEntity.swift in Sources */,
				1FCCB06F29A77A62003295CE /* HomeWorker.swift in Sources */,
				1F591CE429A74B3A0044B816 /* String+Extension.swift in Sources */,
				1F591CE729A74FCF0044B816 /* RequestHandler.swift in Sources */,
				1FA4924D299E4E980018735E /* HTTPClient.swift in Sources */,
				1F5FFA3F29A913C3003FCC72 /* Extension+UIImageView.swift in Sources */,
				1FA49219299E3E600018735E /* AppDelegate.swift in Sources */,
				1FCCB04F29A76815003295CE /* ServiceSearchBuilder.swift in Sources */,
				1FCCB07929A77E7E003295CE /* HomeTableViewCell.swift in Sources */,
				1F2E544B299FC0DC0084B6C6 /* Extension+UICollectionView.swift in Sources */,
				1FCCB06E29A77A62003295CE /* HomePresenter.swift in Sources */,
				1FA49245299E4A320018735E /* APIEndpoints.swift in Sources */,
				1FCCB04D29A76815003295CE /* ServiceSearchModels.swift in Sources */,
				1FCCB07229A77A62003295CE /* HomeModels.swift in Sources */,
				1F591CDD29A675370044B816 /* Constants.swift in Sources */,
				1FF192F629A8D24100F68700 /* Colors.swift in Sources */,
				1F591CDA29A674980044B816 /* NetworkMonitor.swift in Sources */,
				1F709997299E67E900431F3D /* Base.swift in Sources */,
				1FF192F329A8C0D800F68700 /* HorizontalCollectionViewCell.swift in Sources */,
				1FCCB07529A77A62003295CE /* HomeInteractor.swift in Sources */,
				1FCCB07029A77A62003295CE /* HomeRouter.swift in Sources */,
				1F591CD629A674580044B816 /* AccessDataEntity.swift in Sources */,
				1FF192EC29A8BF0A00F68700 /* HorizontalTableViewCell.swift in Sources */,
				1F70999F299E6C1E00431F3D /* LanguageManager.swift in Sources */,
				1FCCB04B29A76815003295CE /* ServiceSearchRouter.swift in Sources */,
				1F709999299E6BA500431F3D /* BlogsApiEntity.swift in Sources */,
				1F3A07DD29A38C10007EA30C /* DateFormaterUtility.swift in Sources */,
				1F5FFA3D29A90142003FCC72 /* Image.swift in Sources */,
			);
			runOnlyForDeploymentPostprocessing = 0;
		};
/* End PBXSourcesBuildPhase section */

/* Begin PBXVariantGroup section */
		1FA4921E299E3E600018735E /* Main.storyboard */ = {
			isa = PBXVariantGroup;
			children = (
				1FA4921F299E3E600018735E /* Base */,
			);
			name = Main.storyboard;
			sourceTree = "<group>";
		};
		1FA49223299E3E610018735E /* LaunchScreen.storyboard */ = {
			isa = PBXVariantGroup;
			children = (
				1FA49224299E3E610018735E /* Base */,
			);
			name = LaunchScreen.storyboard;
			sourceTree = "<group>";
		};
/* End PBXVariantGroup section */

/* Begin XCBuildConfiguration section */
		1FA49227299E3E610018735E /* Debug */ = {
			isa = XCBuildConfiguration;
			buildSettings = {
				ALWAYS_SEARCH_USER_PATHS = NO;
				CLANG_ANALYZER_NONNULL = YES;
				CLANG_ANALYZER_NUMBER_OBJECT_CONVERSION = YES_AGGRESSIVE;
				CLANG_CXX_LANGUAGE_STANDARD = "gnu++20";
				CLANG_ENABLE_MODULES = YES;
				CLANG_ENABLE_OBJC_ARC = YES;
				CLANG_ENABLE_OBJC_WEAK = YES;
				CLANG_WARN_BLOCK_CAPTURE_AUTORELEASING = YES;
				CLANG_WARN_BOOL_CONVERSION = YES;
				CLANG_WARN_COMMA = YES;
				CLANG_WARN_CONSTANT_CONVERSION = YES;
				CLANG_WARN_DEPRECATED_OBJC_IMPLEMENTATIONS = YES;
				CLANG_WARN_DIRECT_OBJC_ISA_USAGE = YES_ERROR;
				CLANG_WARN_DOCUMENTATION_COMMENTS = YES;
				CLANG_WARN_EMPTY_BODY = YES;
				CLANG_WARN_ENUM_CONVERSION = YES;
				CLANG_WARN_INFINITE_RECURSION = YES;
				CLANG_WARN_INT_CONVERSION = YES;
				CLANG_WARN_NON_LITERAL_NULL_CONVERSION = YES;
				CLANG_WARN_OBJC_IMPLICIT_RETAIN_SELF = YES;
				CLANG_WARN_OBJC_LITERAL_CONVERSION = YES;
				CLANG_WARN_OBJC_ROOT_CLASS = YES_ERROR;
				CLANG_WARN_QUOTED_INCLUDE_IN_FRAMEWORK_HEADER = YES;
				CLANG_WARN_RANGE_LOOP_ANALYSIS = YES;
				CLANG_WARN_STRICT_PROTOTYPES = YES;
				CLANG_WARN_SUSPICIOUS_MOVE = YES;
				CLANG_WARN_UNGUARDED_AVAILABILITY = YES_AGGRESSIVE;
				CLANG_WARN_UNREACHABLE_CODE = YES;
				CLANG_WARN__DUPLICATE_METHOD_MATCH = YES;
				COPY_PHASE_STRIP = NO;
				DEBUG_INFORMATION_FORMAT = dwarf;
				ENABLE_STRICT_OBJC_MSGSEND = YES;
				ENABLE_TESTABILITY = YES;
				GCC_C_LANGUAGE_STANDARD = gnu11;
				GCC_DYNAMIC_NO_PIC = NO;
				GCC_NO_COMMON_BLOCKS = YES;
				GCC_OPTIMIZATION_LEVEL = 0;
				GCC_PREPROCESSOR_DEFINITIONS = (
					"DEBUG=1",
					"$(inherited)",
				);
				GCC_WARN_64_TO_32_BIT_CONVERSION = YES;
				GCC_WARN_ABOUT_RETURN_TYPE = YES_ERROR;
				GCC_WARN_UNDECLARED_SELECTOR = YES;
				GCC_WARN_UNINITIALIZED_AUTOS = YES_AGGRESSIVE;
				GCC_WARN_UNUSED_FUNCTION = YES;
				GCC_WARN_UNUSED_VARIABLE = YES;
				IPHONEOS_DEPLOYMENT_TARGET = 16.0;
				MTL_ENABLE_DEBUG_INFO = INCLUDE_SOURCE;
				MTL_FAST_MATH = YES;
				ONLY_ACTIVE_ARCH = YES;
				SDKROOT = iphoneos;
				SWIFT_ACTIVE_COMPILATION_CONDITIONS = DEBUG;
				SWIFT_OPTIMIZATION_LEVEL = "-Onone";
			};
			name = Debug;
		};
		1FA49228299E3E610018735E /* Release */ = {
			isa = XCBuildConfiguration;
			buildSettings = {
				ALWAYS_SEARCH_USER_PATHS = NO;
				CLANG_ANALYZER_NONNULL = YES;
				CLANG_ANALYZER_NUMBER_OBJECT_CONVERSION = YES_AGGRESSIVE;
				CLANG_CXX_LANGUAGE_STANDARD = "gnu++20";
				CLANG_ENABLE_MODULES = YES;
				CLANG_ENABLE_OBJC_ARC = YES;
				CLANG_ENABLE_OBJC_WEAK = YES;
				CLANG_WARN_BLOCK_CAPTURE_AUTORELEASING = YES;
				CLANG_WARN_BOOL_CONVERSION = YES;
				CLANG_WARN_COMMA = YES;
				CLANG_WARN_CONSTANT_CONVERSION = YES;
				CLANG_WARN_DEPRECATED_OBJC_IMPLEMENTATIONS = YES;
				CLANG_WARN_DIRECT_OBJC_ISA_USAGE = YES_ERROR;
				CLANG_WARN_DOCUMENTATION_COMMENTS = YES;
				CLANG_WARN_EMPTY_BODY = YES;
				CLANG_WARN_ENUM_CONVERSION = YES;
				CLANG_WARN_INFINITE_RECURSION = YES;
				CLANG_WARN_INT_CONVERSION = YES;
				CLANG_WARN_NON_LITERAL_NULL_CONVERSION = YES;
				CLANG_WARN_OBJC_IMPLICIT_RETAIN_SELF = YES;
				CLANG_WARN_OBJC_LITERAL_CONVERSION = YES;
				CLANG_WARN_OBJC_ROOT_CLASS = YES_ERROR;
				CLANG_WARN_QUOTED_INCLUDE_IN_FRAMEWORK_HEADER = YES;
				CLANG_WARN_RANGE_LOOP_ANALYSIS = YES;
				CLANG_WARN_STRICT_PROTOTYPES = YES;
				CLANG_WARN_SUSPICIOUS_MOVE = YES;
				CLANG_WARN_UNGUARDED_AVAILABILITY = YES_AGGRESSIVE;
				CLANG_WARN_UNREACHABLE_CODE = YES;
				CLANG_WARN__DUPLICATE_METHOD_MATCH = YES;
				COPY_PHASE_STRIP = NO;
				DEBUG_INFORMATION_FORMAT = "dwarf-with-dsym";
				ENABLE_NS_ASSERTIONS = NO;
				ENABLE_STRICT_OBJC_MSGSEND = YES;
				GCC_C_LANGUAGE_STANDARD = gnu11;
				GCC_NO_COMMON_BLOCKS = YES;
				GCC_WARN_64_TO_32_BIT_CONVERSION = YES;
				GCC_WARN_ABOUT_RETURN_TYPE = YES_ERROR;
				GCC_WARN_UNDECLARED_SELECTOR = YES;
				GCC_WARN_UNINITIALIZED_AUTOS = YES_AGGRESSIVE;
				GCC_WARN_UNUSED_FUNCTION = YES;
				GCC_WARN_UNUSED_VARIABLE = YES;
				IPHONEOS_DEPLOYMENT_TARGET = 16.0;
				MTL_ENABLE_DEBUG_INFO = NO;
				MTL_FAST_MATH = YES;
				SDKROOT = iphoneos;
				SWIFT_COMPILATION_MODE = wholemodule;
				SWIFT_OPTIMIZATION_LEVEL = "-O";
				VALIDATE_PRODUCT = YES;
			};
			name = Release;
		};
		1FA4922A299E3E610018735E /* Debug */ = {
			isa = XCBuildConfiguration;
			buildSettings = {
				ASSETCATALOG_COMPILER_APPICON_NAME = AppIcon;
				ASSETCATALOG_COMPILER_GLOBAL_ACCENT_COLOR_NAME = AccentColor;
				CODE_SIGN_STYLE = Automatic;
				CURRENT_PROJECT_VERSION = 1;
				GENERATE_INFOPLIST_FILE = YES;
				INFOPLIST_FILE = WConnectUIKit/Support/Info.plist;
				INFOPLIST_KEY_UIApplicationSupportsIndirectInputEvents = YES;
				INFOPLIST_KEY_UILaunchStoryboardName = LaunchScreen;
				INFOPLIST_KEY_UIMainStoryboardFile = Main;
				INFOPLIST_KEY_UISupportedInterfaceOrientations_iPad = "UIInterfaceOrientationPortrait UIInterfaceOrientationPortraitUpsideDown UIInterfaceOrientationLandscapeLeft UIInterfaceOrientationLandscapeRight";
				INFOPLIST_KEY_UISupportedInterfaceOrientations_iPhone = "UIInterfaceOrientationPortrait UIInterfaceOrientationLandscapeLeft UIInterfaceOrientationLandscapeRight";
				LD_RUNPATH_SEARCH_PATHS = (
					"$(inherited)",
					"@executable_path/Frameworks",
				);
				MARKETING_VERSION = 1.0;
				PRODUCT_BUNDLE_IDENTIFIER = lampa.WConnectUIKit;
				PRODUCT_NAME = "$(TARGET_NAME)";
				SWIFT_EMIT_LOC_STRINGS = YES;
				SWIFT_VERSION = 5.0;
				TARGETED_DEVICE_FAMILY = "1,2";
			};
			name = Debug;
		};
		1FA4922B299E3E610018735E /* Release */ = {
			isa = XCBuildConfiguration;
			buildSettings = {
				ASSETCATALOG_COMPILER_APPICON_NAME = AppIcon;
				ASSETCATALOG_COMPILER_GLOBAL_ACCENT_COLOR_NAME = AccentColor;
				CODE_SIGN_STYLE = Automatic;
				CURRENT_PROJECT_VERSION = 1;
				GENERATE_INFOPLIST_FILE = YES;
				INFOPLIST_FILE = WConnectUIKit/Support/Info.plist;
				INFOPLIST_KEY_UIApplicationSupportsIndirectInputEvents = YES;
				INFOPLIST_KEY_UILaunchStoryboardName = LaunchScreen;
				INFOPLIST_KEY_UIMainStoryboardFile = Main;
				INFOPLIST_KEY_UISupportedInterfaceOrientations_iPad = "UIInterfaceOrientationPortrait UIInterfaceOrientationPortraitUpsideDown UIInterfaceOrientationLandscapeLeft UIInterfaceOrientationLandscapeRight";
				INFOPLIST_KEY_UISupportedInterfaceOrientations_iPhone = "UIInterfaceOrientationPortrait UIInterfaceOrientationLandscapeLeft UIInterfaceOrientationLandscapeRight";
				LD_RUNPATH_SEARCH_PATHS = (
					"$(inherited)",
					"@executable_path/Frameworks",
				);
				MARKETING_VERSION = 1.0;
				PRODUCT_BUNDLE_IDENTIFIER = lampa.WConnectUIKit;
				PRODUCT_NAME = "$(TARGET_NAME)";
				SWIFT_EMIT_LOC_STRINGS = YES;
				SWIFT_VERSION = 5.0;
				TARGETED_DEVICE_FAMILY = "1,2";
			};
			name = Release;
		};
/* End XCBuildConfiguration section */

/* Begin XCConfigurationList section */
		1FA49210299E3E600018735E /* Build configuration list for PBXProject "WConnectUIKit" */ = {
			isa = XCConfigurationList;
			buildConfigurations = (
				1FA49227299E3E610018735E /* Debug */,
				1FA49228299E3E610018735E /* Release */,
			);
			defaultConfigurationIsVisible = 0;
			defaultConfigurationName = Release;
		};
		1FA49229299E3E610018735E /* Build configuration list for PBXNativeTarget "WConnectUIKit" */ = {
			isa = XCConfigurationList;
			buildConfigurations = (
				1FA4922A299E3E610018735E /* Debug */,
				1FA4922B299E3E610018735E /* Release */,
			);
			defaultConfigurationIsVisible = 0;
			defaultConfigurationName = Release;
		};
/* End XCConfigurationList section */
	};
	rootObject = 1FA4920D299E3E600018735E /* Project object */;
}
